
Microsoft Visual Studio Solution File, Format Version 12.00
# Visual Studio Version 16
VisualStudioVersion = 16.0.29709.97
MinimumVisualStudioVersion = 10.0.40219.1
Project("{9A19103F-16F7-4668-BE54-9A1E7A4F7556}") = "Filmes.Testes", "Filmes.Testes\Filmes.Testes.csproj", "{4F0A14D0-F35B-4306-9594-6FC0AA3CCD9D}"
EndProject
Project("{9A19103F-16F7-4668-BE54-9A1E7A4F7556}") = "Filmes.Core", "Filmes.Core\Filmes.Core.csproj", "{F4250681-6D49-4A11-91B3-FE697E7F91EB}"
EndProject
Project("{9A19103F-16F7-4668-BE54-9A1E7A4F7556}") = "Filmes.Infraestrutura", "Filmes.Utils\Filmes.Infraestrutura.csproj", "{BFB83098-113D-4C0E-BE78-2523679317CA}"
EndProject
Project("{FAE04EC0-301F-11D3-BF4B-00C04F79EFBC}") = "Filme.Api", "Filme.Api\Filme.Api.csproj", "{53E8F277-B360-46B0-8357-8DAA2EC61286}"
EndProject
Global
	GlobalSection(SolutionConfigurationPlatforms) = preSolution
		Debug|Any CPU = Debug|Any CPU
		Release|Any CPU = Release|Any CPU
	EndGlobalSection
	GlobalSection(ProjectConfigurationPlatforms) = postSolution
		{4F0A14D0-F35B-4306-9594-6FC0AA3CCD9D}.Debug|Any CPU.ActiveCfg = Debug|Any CPU
		{4F0A14D0-F35B-4306-9594-6FC0AA3CCD9D}.Debug|Any CPU.Build.0 = Debug|Any CPU
		{4F0A14D0-F35B-4306-9594-6FC0AA3CCD9D}.Release|Any CPU.ActiveCfg = Release|Any CPU
		{4F0A14D0-F35B-4306-9594-6FC0AA3CCD9D}.Release|Any CPU.Build.0 = Release|Any CPU
		{F4250681-6D49-4A11-91B3-FE697E7F91EB}.Debug|Any CPU.ActiveCfg = Debug|Any CPU
		{F4250681-6D49-4A11-91B3-FE697E7F91EB}.Debug|Any CPU.Build.0 = Debug|Any CPU
		{F4250681-6D49-4A11-91B3-FE697E7F91EB}.Release|Any CPU.ActiveCfg = Release|Any CPU
		{F4250681-6D49-4A11-91B3-FE697E7F91EB}.Release|Any CPU.Build.0 = Release|Any CPU
		{BFB83098-113D-4C0E-BE78-2523679317CA}.Debug|Any CPU.ActiveCfg = Debug|Any CPU
		{BFB83098-113D-4C0E-BE78-2523679317CA}.Debug|Any CPU.Build.0 = Debug|Any CPU
		{BFB83098-113D-4C0E-BE78-2523679317CA}.Release|Any CPU.ActiveCfg = Release|Any CPU
		{BFB83098-113D-4C0E-BE78-2523679317CA}.Release|Any CPU.Build.0 = Release|Any CPU
		{53E8F277-B360-46B0-8357-8DAA2EC61286}.Debug|Any CPU.ActiveCfg = Debug|Any CPU
		{53E8F277-B360-46B0-8357-8DAA2EC61286}.Debug|Any CPU.Build.0 = Debug|Any CPU
		{53E8F277-B360-46B0-8357-8DAA2EC61286}.Release|Any CPU.ActiveCfg = Release|Any CPU
		{53E8F277-B360-46B0-8357-8DAA2EC61286}.Release|Any CPU.Build.0 = Release|Any CPU
	EndGlobalSection
	GlobalSection(SolutionProperties) = preSolution
		HideSolutionNode = FALSE
	EndGlobalSection
	GlobalSection(ExtensibilityGlobals) = postSolution
		SolutionGuid = {2A535EF7-6A09-4789-A821-C448EE4CFBAD}
	EndGlobalSection
EndGlobal
